
Microsoft Visual Studio Solution File, Format Version 12.00
# Visual Studio Version 17
VisualStudioVersion = 17.5.002.0
MinimumVisualStudioVersion = 10.0.40219.1
Project("{9A19103F-16F7-4668-BE54-9A1E7A4F7556}") = "TestProject4", "ChallengeProject\TestProject4.csproj", "{74ED4F2C-DE1C-4E34-8456-105800B023FE}"
EndProject
Project("{9A19103F-16F7-4668-BE54-9A1E7A4F7556}") = "ChallengeProject2", "ChallengeProject2\ChallengeProject2.csproj", "{ED9F4B5E-0A6D-48FE-9A2E-67E2CE9A8D00}"
EndProject
Project("{9A19103F-16F7-4668-BE54-9A1E7A4F7556}") = "ChallengeProject3", "ChallengeProject3\ChallengeProject3.csproj", "{FFFA6F4B-0081-45E4-93C2-6CBEAF9D6788}"
EndProject
Project("{9A19103F-16F7-4668-BE54-9A1E7A4F7556}") = "ChallengeProject4", "ChallengeProject4\ChallengeProject4.csproj", "{AA8C5967-666D-4D5F-B62D-79DA40DB26C8}"
EndProject
Project("{9A19103F-16F7-4668-BE54-9A1E7A4F7556}") = "TeatProject24", "TeatProject24\TeatProject24.csproj", "{688682E0-D2B2-4DB0-92FB-30B7FD2A1214}"
EndProject
Project("{9A19103F-16F7-4668-BE54-9A1E7A4F7556}") = "TestProject", "TestProject\TestProject.csproj", "{EA5A8917-ADF9-486B-9F34-15EF62D58F36}"
EndProject
Project("{9A19103F-16F7-4668-BE54-9A1E7A4F7556}") = "TestProject10", "TestProject10\TestProject10.csproj", "{165D04E8-1A7B-4005-B23B-9BB1049069E1}"
EndProject
Project("{9A19103F-16F7-4668-BE54-9A1E7A4F7556}") = "TestProject11", "TestProject11\TestProject11.csproj", "{3DA685C1-8051-444C-A443-D02089B06508}"
EndProject
Project("{9A19103F-16F7-4668-BE54-9A1E7A4F7556}") = "TestProject12", "TestProject12\TestProject12.csproj", "{E3ABB8B5-C466-47C4-8E32-3426AFC9D6DA}"
EndProject
Project("{9A19103F-16F7-4668-BE54-9A1E7A4F7556}") = "TestProject13", "TestProject13\TestProject13.csproj", "{5D2DFD69-92A6-471B-AC81-9A259062E462}"
EndProject
Project("{9A19103F-16F7-4668-BE54-9A1E7A4F7556}") = "TestProject14", "TestProject14\TestProject14.csproj", "{8A4D91AD-0041-4151-99CA-BEB14B561668}"
EndProject
Project("{9A19103F-16F7-4668-BE54-9A1E7A4F7556}") = "TestProject15", "TestProject15\TestProject15.csproj", "{A8B111DF-26EC-4097-9242-5FFCFD37B0A7}"
EndProject
Project("{9A19103F-16F7-4668-BE54-9A1E7A4F7556}") = "TestProject16", "TestProject16\TestProject16.csproj", "{28012357-ABC4-4E84-807A-6B62FBE44187}"
EndProject
Project("{9A19103F-16F7-4668-BE54-9A1E7A4F7556}") = "TestProject17", "TestProject17\TestProject17.csproj", "{5E4E8A26-6E5D-4D63-B883-9808E7A19F71}"
EndProject
Project("{9A19103F-16F7-4668-BE54-9A1E7A4F7556}") = "TestProject18", "TestProject18\TestProject18.csproj", "{1F6123C2-7150-42F6-A9B6-6FC5B14B2DB1}"
EndProject
Project("{9A19103F-16F7-4668-BE54-9A1E7A4F7556}") = "TestProject19", "TestProject19\TestProject19.csproj", "{24764760-E931-4AF0-912E-B4670185D0AD}"
EndProject
Project("{9A19103F-16F7-4668-BE54-9A1E7A4F7556}") = "TestProject20", "TestProject20\TestProject20.csproj", "{F4AD86A8-02AD-43E3-BAB9-76F0374F9297}"
EndProject
Project("{9A19103F-16F7-4668-BE54-9A1E7A4F7556}") = "TestProject21", "TestProject21\TestProject21.csproj", "{74AFAB7A-47EB-4DC1-AED4-A5B0DB661864}"
EndProject
Project("{9A19103F-16F7-4668-BE54-9A1E7A4F7556}") = "TestProject22", "TestProject22\TestProject22.csproj", "{79DBD8FB-A10A-4F07-B166-E065EACE4B2C}"
EndProject
Project("{9A19103F-16F7-4668-BE54-9A1E7A4F7556}") = "TestProject23", "TestProject23\TestProject23.csproj", "{D04E009E-FB06-4DCA-BF97-4976CA4D4FAB}"
EndProject
Project("{9A19103F-16F7-4668-BE54-9A1E7A4F7556}") = "TestProject24", "TestProject24\TestProject24.csproj", "{B8D62790-82E3-446A-B66F-026B91808C46}"
EndProject
Project("{9A19103F-16F7-4668-BE54-9A1E7A4F7556}") = "TestProject25", "TestProject25\TestProject25.csproj", "{C219C128-EBD4-42A5-B292-B612F8A1EB97}"
EndProject
Project("{9A19103F-16F7-4668-BE54-9A1E7A4F7556}") = "TestProject26", "TestProject26\TestProject26.csproj", "{70490592-C2C5-489F-BA4B-0D507BB6CDFC}"
EndProject
Project("{9A19103F-16F7-4668-BE54-9A1E7A4F7556}") = "TestProject27", "TestProject27\TestProject27.csproj", "{DB8FA75D-D0C4-415F-B9D5-02B90D73B83D}"
EndProject
Project("{9A19103F-16F7-4668-BE54-9A1E7A4F7556}") = "TestProject28", "TestProject28\TestProject28.csproj", "{BD378CF8-DD42-43C9-8602-DD829C2CC7C9}"
EndProject
Project("{9A19103F-16F7-4668-BE54-9A1E7A4F7556}") = "TestProject5", "TestProject5\TestProject5.csproj", "{96AA49F1-A643-4E40-98C4-8C5D43C0116F}"
EndProject
Project("{9A19103F-16F7-4668-BE54-9A1E7A4F7556}") = "TestProject6", "TestProject6\TestProject6.csproj", "{E625D9AD-7D9B-4337-A248-0D9820C94221}"
EndProject
Project("{9A19103F-16F7-4668-BE54-9A1E7A4F7556}") = "TestProject7", "TestProject7\TestProject7.csproj", "{E0B5DE48-D97B-4EDE-A40C-A2C54D0EFE3B}"
EndProject
Project("{9A19103F-16F7-4668-BE54-9A1E7A4F7556}") = "TestProject8", "TestProject8\TestProject8.csproj", "{68400478-2DCC-4C6B-8EF7-260BC856FA23}"
EndProject
Project("{9A19103F-16F7-4668-BE54-9A1E7A4F7556}") = "TestProject9", "TestProject9\TestProject9.csproj", "{2F158E1B-7E35-4819-85C6-FCD2F43DF1CE}"
EndProject
Project("{2150E333-8FDC-42A3-9474-1A3956D46DE8}") = "TestProject2", "TestProject2", "{7DDCDC39-0F1B-415B-8172-7E9FF8000EA0}"
EndProject
Project("{9A19103F-16F7-4668-BE54-9A1E7A4F7556}") = "subscription", "TestProject2\subscription\subscription.csproj", "{D4F09F3E-B03E-4DEC-BBC3-B69639DCA726}"
EndProject
Project("{2150E333-8FDC-42A3-9474-1A3956D46DE8}") = "TestProject3", "TestProject3", "{0B24369D-D7F3-4689-AC6E-240F24E992B9}"
EndProject
Project("{9A19103F-16F7-4668-BE54-9A1E7A4F7556}") = "arr", "TestProject3\arr\arr.csproj", "{14AEBB04-69F9-49CB-BD1C-B0C434752211}"
EndProject
Global
	GlobalSection(SolutionConfigurationPlatforms) = preSolution
		Debug|Any CPU = Debug|Any CPU
		Release|Any CPU = Release|Any CPU
	EndGlobalSection
	GlobalSection(ProjectConfigurationPlatforms) = postSolution
		{74ED4F2C-DE1C-4E34-8456-105800B023FE}.Debug|Any CPU.ActiveCfg = Debug|Any CPU
		{74ED4F2C-DE1C-4E34-8456-105800B023FE}.Debug|Any CPU.Build.0 = Debug|Any CPU
		{74ED4F2C-DE1C-4E34-8456-105800B023FE}.Release|Any CPU.ActiveCfg = Release|Any CPU
		{74ED4F2C-DE1C-4E34-8456-105800B023FE}.Release|Any CPU.Build.0 = Release|Any CPU
		{ED9F4B5E-0A6D-48FE-9A2E-67E2CE9A8D00}.Debug|Any CPU.ActiveCfg = Debug|Any CPU
		{ED9F4B5E-0A6D-48FE-9A2E-67E2CE9A8D00}.Debug|Any CPU.Build.0 = Debug|Any CPU
		{ED9F4B5E-0A6D-48FE-9A2E-67E2CE9A8D00}.Release|Any CPU.ActiveCfg = Release|Any CPU
		{ED9F4B5E-0A6D-48FE-9A2E-67E2CE9A8D00}.Release|Any CPU.Build.0 = Release|Any CPU
		{FFFA6F4B-0081-45E4-93C2-6CBEAF9D6788}.Debug|Any CPU.ActiveCfg = Debug|Any CPU
		{FFFA6F4B-0081-45E4-93C2-6CBEAF9D6788}.Debug|Any CPU.Build.0 = Debug|Any CPU
		{FFFA6F4B-0081-45E4-93C2-6CBEAF9D6788}.Release|Any CPU.ActiveCfg = Release|Any CPU
		{FFFA6F4B-0081-45E4-93C2-6CBEAF9D6788}.Release|Any CPU.Build.0 = Release|Any CPU
		{AA8C5967-666D-4D5F-B62D-79DA40DB26C8}.Debug|Any CPU.ActiveCfg = Debug|Any CPU
		{AA8C5967-666D-4D5F-B62D-79DA40DB26C8}.Debug|Any CPU.Build.0 = Debug|Any CPU
		{AA8C5967-666D-4D5F-B62D-79DA40DB26C8}.Release|Any CPU.ActiveCfg = Release|Any CPU
		{AA8C5967-666D-4D5F-B62D-79DA40DB26C8}.Release|Any CPU.Build.0 = Release|Any CPU
		{688682E0-D2B2-4DB0-92FB-30B7FD2A1214}.Debug|Any CPU.ActiveCfg = Debug|Any CPU
		{688682E0-D2B2-4DB0-92FB-30B7FD2A1214}.Debug|Any CPU.Build.0 = Debug|Any CPU
		{688682E0-D2B2-4DB0-92FB-30B7FD2A1214}.Release|Any CPU.ActiveCfg = Release|Any CPU
		{688682E0-D2B2-4DB0-92FB-30B7FD2A1214}.Release|Any CPU.Build.0 = Release|Any CPU
		{EA5A8917-ADF9-486B-9F34-15EF62D58F36}.Debug|Any CPU.ActiveCfg = Debug|Any CPU
		{EA5A8917-ADF9-486B-9F34-15EF62D58F36}.Debug|Any CPU.Build.0 = Debug|Any CPU
		{EA5A8917-ADF9-486B-9F34-15EF62D58F36}.Release|Any CPU.ActiveCfg = Release|Any CPU
		{EA5A8917-ADF9-486B-9F34-15EF62D58F36}.Release|Any CPU.Build.0 = Release|Any CPU
		{165D04E8-1A7B-4005-B23B-9BB1049069E1}.Debug|Any CPU.ActiveCfg = Debug|Any CPU
		{165D04E8-1A7B-4005-B23B-9BB1049069E1}.Debug|Any CPU.Build.0 = Debug|Any CPU
		{165D04E8-1A7B-4005-B23B-9BB1049069E1}.Release|Any CPU.ActiveCfg = Release|Any CPU
		{165D04E8-1A7B-4005-B23B-9BB1049069E1}.Release|Any CPU.Build.0 = Release|Any CPU
		{3DA685C1-8051-444C-A443-D02089B06508}.Debug|Any CPU.ActiveCfg = Debug|Any CPU
		{3DA685C1-8051-444C-A443-D02089B06508}.Debug|Any CPU.Build.0 = Debug|Any CPU
		{3DA685C1-8051-444C-A443-D02089B06508}.Release|Any CPU.ActiveCfg = Release|Any CPU
		{3DA685C1-8051-444C-A443-D02089B06508}.Release|Any CPU.Build.0 = Release|Any CPU
		{E3ABB8B5-C466-47C4-8E32-3426AFC9D6DA}.Debug|Any CPU.ActiveCfg = Debug|Any CPU
		{E3ABB8B5-C466-47C4-8E32-3426AFC9D6DA}.Debug|Any CPU.Build.0 = Debug|Any CPU
		{E3ABB8B5-C466-47C4-8E32-3426AFC9D6DA}.Release|Any CPU.ActiveCfg = Release|Any CPU
		{E3ABB8B5-C466-47C4-8E32-3426AFC9D6DA}.Release|Any CPU.Build.0 = Release|Any CPU
		{5D2DFD69-92A6-471B-AC81-9A259062E462}.Debug|Any CPU.ActiveCfg = Debug|Any CPU
		{5D2DFD69-92A6-471B-AC81-9A259062E462}.Debug|Any CPU.Build.0 = Debug|Any CPU
		{5D2DFD69-92A6-471B-AC81-9A259062E462}.Release|Any CPU.ActiveCfg = Release|Any CPU
		{5D2DFD69-92A6-471B-AC81-9A259062E462}.Release|Any CPU.Build.0 = Release|Any CPU
		{8A4D91AD-0041-4151-99CA-BEB14B561668}.Debug|Any CPU.ActiveCfg = Debug|Any CPU
		{8A4D91AD-0041-4151-99CA-BEB14B561668}.Debug|Any CPU.Build.0 = Debug|Any CPU
		{8A4D91AD-0041-4151-99CA-BEB14B561668}.Release|Any CPU.ActiveCfg = Release|Any CPU
		{8A4D91AD-0041-4151-99CA-BEB14B561668}.Release|Any CPU.Build.0 = Release|Any CPU
		{A8B111DF-26EC-4097-9242-5FFCFD37B0A7}.Debug|Any CPU.ActiveCfg = Debug|Any CPU
		{A8B111DF-26EC-4097-9242-5FFCFD37B0A7}.Debug|Any CPU.Build.0 = Debug|Any CPU
		{A8B111DF-26EC-4097-9242-5FFCFD37B0A7}.Release|Any CPU.ActiveCfg = Release|Any CPU
		{A8B111DF-26EC-4097-9242-5FFCFD37B0A7}.Release|Any CPU.Build.0 = Release|Any CPU
		{28012357-ABC4-4E84-807A-6B62FBE44187}.Debug|Any CPU.ActiveCfg = Debug|Any CPU
		{28012357-ABC4-4E84-807A-6B62FBE44187}.Debug|Any CPU.Build.0 = Debug|Any CPU
		{28012357-ABC4-4E84-807A-6B62FBE44187}.Release|Any CPU.ActiveCfg = Release|Any CPU
		{28012357-ABC4-4E84-807A-6B62FBE44187}.Release|Any CPU.Build.0 = Release|Any CPU
		{5E4E8A26-6E5D-4D63-B883-9808E7A19F71}.Debug|Any CPU.ActiveCfg = Debug|Any CPU
		{5E4E8A26-6E5D-4D63-B883-9808E7A19F71}.Debug|Any CPU.Build.0 = Debug|Any CPU
		{5E4E8A26-6E5D-4D63-B883-9808E7A19F71}.Release|Any CPU.ActiveCfg = Release|Any CPU
		{5E4E8A26-6E5D-4D63-B883-9808E7A19F71}.Release|Any CPU.Build.0 = Release|Any CPU
		{1F6123C2-7150-42F6-A9B6-6FC5B14B2DB1}.Debug|Any CPU.ActiveCfg = Debug|Any CPU
		{1F6123C2-7150-42F6-A9B6-6FC5B14B2DB1}.Debug|Any CPU.Build.0 = Debug|Any CPU
		{1F6123C2-7150-42F6-A9B6-6FC5B14B2DB1}.Release|Any CPU.ActiveCfg = Release|Any CPU
		{1F6123C2-7150-42F6-A9B6-6FC5B14B2DB1}.Release|Any CPU.Build.0 = Release|Any CPU
		{24764760-E931-4AF0-912E-B4670185D0AD}.Debug|Any CPU.ActiveCfg = Debug|Any CPU
		{24764760-E931-4AF0-912E-B4670185D0AD}.Debug|Any CPU.Build.0 = Debug|Any CPU
		{24764760-E931-4AF0-912E-B4670185D0AD}.Release|Any CPU.ActiveCfg = Release|Any CPU
		{24764760-E931-4AF0-912E-B4670185D0AD}.Release|Any CPU.Build.0 = Release|Any CPU
		{F4AD86A8-02AD-43E3-BAB9-76F0374F9297}.Debug|Any CPU.ActiveCfg = Debug|Any CPU
		{F4AD86A8-02AD-43E3-BAB9-76F0374F9297}.Debug|Any CPU.Build.0 = Debug|Any CPU
		{F4AD86A8-02AD-43E3-BAB9-76F0374F9297}.Release|Any CPU.ActiveCfg = Release|Any CPU
		{F4AD86A8-02AD-43E3-BAB9-76F0374F9297}.Release|Any CPU.Build.0 = Release|Any CPU
		{74AFAB7A-47EB-4DC1-AED4-A5B0DB661864}.Debug|Any CPU.ActiveCfg = Debug|Any CPU
		{74AFAB7A-47EB-4DC1-AED4-A5B0DB661864}.Debug|Any CPU.Build.0 = Debug|Any CPU
		{74AFAB7A-47EB-4DC1-AED4-A5B0DB661864}.Release|Any CPU.ActiveCfg = Release|Any CPU
		{74AFAB7A-47EB-4DC1-AED4-A5B0DB661864}.Release|Any CPU.Build.0 = Release|Any CPU
		{79DBD8FB-A10A-4F07-B166-E065EACE4B2C}.Debug|Any CPU.ActiveCfg = Debug|Any CPU
		{79DBD8FB-A10A-4F07-B166-E065EACE4B2C}.Debug|Any CPU.Build.0 = Debug|Any CPU
		{79DBD8FB-A10A-4F07-B166-E065EACE4B2C}.Release|Any CPU.ActiveCfg = Release|Any CPU
		{79DBD8FB-A10A-4F07-B166-E065EACE4B2C}.Release|Any CPU.Build.0 = Release|Any CPU
		{D04E009E-FB06-4DCA-BF97-4976CA4D4FAB}.Debug|Any CPU.ActiveCfg = Debug|Any CPU
		{D04E009E-FB06-4DCA-BF97-4976CA4D4FAB}.Debug|Any CPU.Build.0 = Debug|Any CPU
		{D04E009E-FB06-4DCA-BF97-4976CA4D4FAB}.Release|Any CPU.ActiveCfg = Release|Any CPU
		{D04E009E-FB06-4DCA-BF97-4976CA4D4FAB}.Release|Any CPU.Build.0 = Release|Any CPU
		{B8D62790-82E3-446A-B66F-026B91808C46}.Debug|Any CPU.ActiveCfg = Debug|Any CPU
		{B8D62790-82E3-446A-B66F-026B91808C46}.Debug|Any CPU.Build.0 = Debug|Any CPU
		{B8D62790-82E3-446A-B66F-026B91808C46}.Release|Any CPU.ActiveCfg = Release|Any CPU
		{B8D62790-82E3-446A-B66F-026B91808C46}.Release|Any CPU.Build.0 = Release|Any CPU
		{C219C128-EBD4-42A5-B292-B612F8A1EB97}.Debug|Any CPU.ActiveCfg = Debug|Any CPU
		{C219C128-EBD4-42A5-B292-B612F8A1EB97}.Debug|Any CPU.Build.0 = Debug|Any CPU
		{C219C128-EBD4-42A5-B292-B612F8A1EB97}.Release|Any CPU.ActiveCfg = Release|Any CPU
		{C219C128-EBD4-42A5-B292-B612F8A1EB97}.Release|Any CPU.Build.0 = Release|Any CPU
		{70490592-C2C5-489F-BA4B-0D507BB6CDFC}.Debug|Any CPU.ActiveCfg = Debug|Any CPU
		{70490592-C2C5-489F-BA4B-0D507BB6CDFC}.Debug|Any CPU.Build.0 = Debug|Any CPU
		{70490592-C2C5-489F-BA4B-0D507BB6CDFC}.Release|Any CPU.ActiveCfg = Release|Any CPU
		{70490592-C2C5-489F-BA4B-0D507BB6CDFC}.Release|Any CPU.Build.0 = Release|Any CPU
		{DB8FA75D-D0C4-415F-B9D5-02B90D73B83D}.Debug|Any CPU.ActiveCfg = Debug|Any CPU
		{DB8FA75D-D0C4-415F-B9D5-02B90D73B83D}.Debug|Any CPU.Build.0 = Debug|Any CPU
		{DB8FA75D-D0C4-415F-B9D5-02B90D73B83D}.Release|Any CPU.ActiveCfg = Release|Any CPU
		{DB8FA75D-D0C4-415F-B9D5-02B90D73B83D}.Release|Any CPU.Build.0 = Release|Any CPU
		{BD378CF8-DD42-43C9-8602-DD829C2CC7C9}.Debug|Any CPU.ActiveCfg = Debug|Any CPU
		{BD378CF8-DD42-43C9-8602-DD829C2CC7C9}.Debug|Any CPU.Build.0 = Debug|Any CPU
		{BD378CF8-DD42-43C9-8602-DD829C2CC7C9}.Release|Any CPU.ActiveCfg = Release|Any CPU
		{BD378CF8-DD42-43C9-8602-DD829C2CC7C9}.Release|Any CPU.Build.0 = Release|Any CPU
		{96AA49F1-A643-4E40-98C4-8C5D43C0116F}.Debug|Any CPU.ActiveCfg = Debug|Any CPU
		{96AA49F1-A643-4E40-98C4-8C5D43C0116F}.Debug|Any CPU.Build.0 = Debug|Any CPU
		{96AA49F1-A643-4E40-98C4-8C5D43C0116F}.Release|Any CPU.ActiveCfg = Release|Any CPU
		{96AA49F1-A643-4E40-98C4-8C5D43C0116F}.Release|Any CPU.Build.0 = Release|Any CPU
		{E625D9AD-7D9B-4337-A248-0D9820C94221}.Debug|Any CPU.ActiveCfg = Debug|Any CPU
		{E625D9AD-7D9B-4337-A248-0D9820C94221}.Debug|Any CPU.Build.0 = Debug|Any CPU
		{E625D9AD-7D9B-4337-A248-0D9820C94221}.Release|Any CPU.ActiveCfg = Release|Any CPU
		{E625D9AD-7D9B-4337-A248-0D9820C94221}.Release|Any CPU.Build.0 = Release|Any CPU
		{E0B5DE48-D97B-4EDE-A40C-A2C54D0EFE3B}.Debug|Any CPU.ActiveCfg = Debug|Any CPU
		{E0B5DE48-D97B-4EDE-A40C-A2C54D0EFE3B}.Debug|Any CPU.Build.0 = Debug|Any CPU
		{E0B5DE48-D97B-4EDE-A40C-A2C54D0EFE3B}.Release|Any CPU.ActiveCfg = Release|Any CPU
		{E0B5DE48-D97B-4EDE-A40C-A2C54D0EFE3B}.Release|Any CPU.Build.0 = Release|Any CPU
		{68400478-2DCC-4C6B-8EF7-260BC856FA23}.Debug|Any CPU.ActiveCfg = Debug|Any CPU
		{68400478-2DCC-4C6B-8EF7-260BC856FA23}.Debug|Any CPU.Build.0 = Debug|Any CPU
		{68400478-2DCC-4C6B-8EF7-260BC856FA23}.Release|Any CPU.ActiveCfg = Release|Any CPU
		{68400478-2DCC-4C6B-8EF7-260BC856FA23}.Release|Any CPU.Build.0 = Release|Any CPU
		{2F158E1B-7E35-4819-85C6-FCD2F43DF1CE}.Debug|Any CPU.ActiveCfg = Debug|Any CPU
		{2F158E1B-7E35-4819-85C6-FCD2F43DF1CE}.Debug|Any CPU.Build.0 = Debug|Any CPU
		{2F158E1B-7E35-4819-85C6-FCD2F43DF1CE}.Release|Any CPU.ActiveCfg = Release|Any CPU
		{2F158E1B-7E35-4819-85C6-FCD2F43DF1CE}.Release|Any CPU.Build.0 = Release|Any CPU
		{D4F09F3E-B03E-4DEC-BBC3-B69639DCA726}.Debug|Any CPU.ActiveCfg = Debug|Any CPU
		{D4F09F3E-B03E-4DEC-BBC3-B69639DCA726}.Debug|Any CPU.Build.0 = Debug|Any CPU
		{D4F09F3E-B03E-4DEC-BBC3-B69639DCA726}.Release|Any CPU.ActiveCfg = Release|Any CPU
		{D4F09F3E-B03E-4DEC-BBC3-B69639DCA726}.Release|Any CPU.Build.0 = Release|Any CPU
		{14AEBB04-69F9-49CB-BD1C-B0C434752211}.Debug|Any CPU.ActiveCfg = Debug|Any CPU
		{14AEBB04-69F9-49CB-BD1C-B0C434752211}.Debug|Any CPU.Build.0 = Debug|Any CPU
		{14AEBB04-69F9-49CB-BD1C-B0C434752211}.Release|Any CPU.ActiveCfg = Release|Any CPU
		{14AEBB04-69F9-49CB-BD1C-B0C434752211}.Release|Any CPU.Build.0 = Release|Any CPU
	EndGlobalSection
	GlobalSection(SolutionProperties) = preSolution
		HideSolutionNode = FALSE
	EndGlobalSection
	GlobalSection(NestedProjects) = preSolution
		{D4F09F3E-B03E-4DEC-BBC3-B69639DCA726} = {7DDCDC39-0F1B-415B-8172-7E9FF8000EA0}
		{14AEBB04-69F9-49CB-BD1C-B0C434752211} = {0B24369D-D7F3-4689-AC6E-240F24E992B9}
	EndGlobalSection
	GlobalSection(ExtensibilityGlobals) = postSolution
		SolutionGuid = {22B06E74-E4C8-4DD0-B2F4-A9BD316690DE}
	EndGlobalSection
EndGlobal
